
Microsoft Visual Studio Solution File, Format Version 12.00
# Visual Studio 15
VisualStudioVersion = 15.0.26430.16
MinimumVisualStudioVersion = 10.0.40219.1
Project("{FAE04EC0-301F-11D3-BF4B-00C04F79EFBC}") = "MPDCheatSheet", "MPDCheatSheet\MPDCheatSheet.csproj", "{3905BCF0-1861-4F7C-B7F6-B6B72E3FF600}"
EndProject
Project("{FAE04EC0-301F-11D3-BF4B-00C04F79EFBC}") = "BO", "BO\BO.csproj", "{104F991F-9A17-4A8A-9355-F292C405921E}"
EndProject
Project("{FAE04EC0-301F-11D3-BF4B-00C04F79EFBC}") = "BLL", "BLL\BLL.csproj", "{71F46AB0-67A2-4B98-AECB-76313AC40F48}"
EndProject
Global
	GlobalSection(SolutionConfigurationPlatforms) = preSolution
		Debug|Any CPU = Debug|Any CPU
		Release|Any CPU = Release|Any CPU
	EndGlobalSection
	GlobalSection(ProjectConfigurationPlatforms) = postSolution
		{3905BCF0-1861-4F7C-B7F6-B6B72E3FF600}.Debug|Any CPU.ActiveCfg = Debug|Any CPU
		{3905BCF0-1861-4F7C-B7F6-B6B72E3FF600}.Debug|Any CPU.Build.0 = Debug|Any CPU
		{3905BCF0-1861-4F7C-B7F6-B6B72E3FF600}.Release|Any CPU.ActiveCfg = Release|Any CPU
		{3905BCF0-1861-4F7C-B7F6-B6B72E3FF600}.Release|Any CPU.Build.0 = Release|Any CPU
		{104F991F-9A17-4A8A-9355-F292C405921E}.Debug|Any CPU.ActiveCfg = Debug|Any CPU
		{104F991F-9A17-4A8A-9355-F292C405921E}.Debug|Any CPU.Build.0 = Debug|Any CPU
		{104F991F-9A17-4A8A-9355-F292C405921E}.Release|Any CPU.ActiveCfg = Release|Any CPU
		{104F991F-9A17-4A8A-9355-F292C405921E}.Release|Any CPU.Build.0 = Release|Any CPU
		{71F46AB0-67A2-4B98-AECB-76313AC40F48}.Debug|Any CPU.ActiveCfg = Debug|Any CPU
		{71F46AB0-67A2-4B98-AECB-76313AC40F48}.Debug|Any CPU.Build.0 = Debug|Any CPU
		{71F46AB0-67A2-4B98-AECB-76313AC40F48}.Release|Any CPU.ActiveCfg = Release|Any CPU
		{71F46AB0-67A2-4B98-AECB-76313AC40F48}.Release|Any CPU.Build.0 = Release|Any CPU
	EndGlobalSection
	GlobalSection(SolutionProperties) = preSolution
		HideSolutionNode = FALSE
	EndGlobalSection
EndGlobal
